// !$*UTF8*$!
{
	archiveVersion = 1;
	classes = {
	};
	objectVersion = 50;
	objects = {

/* Begin PBXBuildFile section */
		3A00A51E20F3E9CF00F258B9 /* AppDelegate.swift in Sources */ = {isa = PBXBuildFile; fileRef = 3A00A51D20F3E9CF00F258B9 /* AppDelegate.swift */; };
		3A00A52020F3E9CF00F258B9 /* LoginController.swift in Sources */ = {isa = PBXBuildFile; fileRef = 3A00A51F20F3E9CF00F258B9 /* LoginController.swift */; };
		3A00A52320F3E9CF00F258B9 /* Main.storyboard in Resources */ = {isa = PBXBuildFile; fileRef = 3A00A52120F3E9CF00F258B9 /* Main.storyboard */; };
		3A00A52520F3E9D000F258B9 /* Assets.xcassets in Resources */ = {isa = PBXBuildFile; fileRef = 3A00A52420F3E9D000F258B9 /* Assets.xcassets */; };
		3A00A52820F3E9D000F258B9 /* LaunchScreen.storyboard in Resources */ = {isa = PBXBuildFile; fileRef = 3A00A52620F3E9D000F258B9 /* LaunchScreen.storyboard */; };
		3A00A53320F3E9D000F258B9 /* UParkingTests.swift in Sources */ = {isa = PBXBuildFile; fileRef = 3A00A53220F3E9D000F258B9 /* UParkingTests.swift */; };
		3A00A53E20F3E9D000F258B9 /* UParkingUITests.swift in Sources */ = {isa = PBXBuildFile; fileRef = 3A00A53D20F3E9D000F258B9 /* UParkingUITests.swift */; };
		3A00A54E20F3F54000F258B9 /* GoogleService-Info.plist in Resources */ = {isa = PBXBuildFile; fileRef = 3A00A54D20F3F54000F258B9 /* GoogleService-Info.plist */; };
		3A77A49720F7DDB400ED924C /* User+CoreDataClass.swift in Sources */ = {isa = PBXBuildFile; fileRef = 3A77A49520F7DDB400ED924C /* User+CoreDataClass.swift */; };
		3A77A49820F7DDB400ED924C /* User+CoreDataProperties.swift in Sources */ = {isa = PBXBuildFile; fileRef = 3A77A49620F7DDB400ED924C /* User+CoreDataProperties.swift */; };
		3A77A49A20F7DF2900ED924C /* DSM.swift in Sources */ = {isa = PBXBuildFile; fileRef = 3A77A49920F7DF2900ED924C /* DSM.swift */; };
		3A77A49C20F83AC300ED924C /* EstacionamientosTableViewCell.swift in Sources */ = {isa = PBXBuildFile; fileRef = 3A77A49B20F83AC300ED924C /* EstacionamientosTableViewCell.swift */; };
		3A7CC16220F9428F006B77E2 /* EstacionamientosManager.swift in Sources */ = {isa = PBXBuildFile; fileRef = 3A7CC16120F9428F006B77E2 /* EstacionamientosManager.swift */; };
		3A7CC16520F943C9006B77E2 /* ParkingArea.swift in Sources */ = {isa = PBXBuildFile; fileRef = 3A7CC16420F943C9006B77E2 /* ParkingArea.swift */; };
		3A7CC16720F944AE006B77E2 /* ParkingSpace.swift in Sources */ = {isa = PBXBuildFile; fileRef = 3A7CC16620F944AE006B77E2 /* ParkingSpace.swift */; };
		3A841C0520F553AD00347599 /* AlertUtils.swift in Sources */ = {isa = PBXBuildFile; fileRef = 3A841C0420F553AD00347599 /* AlertUtils.swift */; };
		3A841C0820F5554B00347599 /* EstacionamientoViewController.swift in Sources */ = {isa = PBXBuildFile; fileRef = 3A841C0720F5554B00347599 /* EstacionamientoViewController.swift */; };
		3A841C0C20F555ED00347599 /* PerfilViewController.swift in Sources */ = {isa = PBXBuildFile; fileRef = 3A841C0B20F555ED00347599 /* PerfilViewController.swift */; };
		3A841C1020F5625700347599 /* Data.xcdatamodeld in Sources */ = {isa = PBXBuildFile; fileRef = 3A841C0E20F5625700347599 /* Data.xcdatamodeld */; };
		7A127A6628E343A5CC75287E /* Pods_UParkingTests.framework in Frameworks */ = {isa = PBXBuildFile; fileRef = 766EF28592B7D226A6815806 /* Pods_UParkingTests.framework */; };
		A720811BF2B5598F079C88E2 /* Pods_UParkingUITests.framework in Frameworks */ = {isa = PBXBuildFile; fileRef = 45F3A5FAA1FE49F0E60E88D7 /* Pods_UParkingUITests.framework */; };
		C5D66FD6BDBCAA7DD1E23965 /* Pods_UParking.framework in Frameworks */ = {isa = PBXBuildFile; fileRef = C62BA4C94C3EAE8F6A22797F /* Pods_UParking.framework */; };
/* End PBXBuildFile section */

/* Begin PBXContainerItemProxy section */
		3A00A52F20F3E9D000F258B9 /* PBXContainerItemProxy */ = {
			isa = PBXContainerItemProxy;
			containerPortal = 3A00A51220F3E9CF00F258B9 /* Project object */;
			proxyType = 1;
			remoteGlobalIDString = 3A00A51920F3E9CF00F258B9;
			remoteInfo = UParking;
		};
		3A00A53A20F3E9D000F258B9 /* PBXContainerItemProxy */ = {
			isa = PBXContainerItemProxy;
			containerPortal = 3A00A51220F3E9CF00F258B9 /* Project object */;
			proxyType = 1;
			remoteGlobalIDString = 3A00A51920F3E9CF00F258B9;
			remoteInfo = UParking;
		};
/* End PBXContainerItemProxy section */

/* Begin PBXFileReference section */
		03C076D96B37896324CD7404 /* Pods-UParkingUITests.release.xcconfig */ = {isa = PBXFileReference; includeInIndex = 1; lastKnownFileType = text.xcconfig; name = "Pods-UParkingUITests.release.xcconfig"; path = "Pods/Target Support Files/Pods-UParkingUITests/Pods-UParkingUITests.release.xcconfig"; sourceTree = "<group>"; };
		0F5737584539453EB35885B9 /* Pods-UParking.release.xcconfig */ = {isa = PBXFileReference; includeInIndex = 1; lastKnownFileType = text.xcconfig; name = "Pods-UParking.release.xcconfig"; path = "Pods/Target Support Files/Pods-UParking/Pods-UParking.release.xcconfig"; sourceTree = "<group>"; };
		2AF932FCAC825AE1B0385765 /* Pods-UParking.debug.xcconfig */ = {isa = PBXFileReference; includeInIndex = 1; lastKnownFileType = text.xcconfig; name = "Pods-UParking.debug.xcconfig"; path = "Pods/Target Support Files/Pods-UParking/Pods-UParking.debug.xcconfig"; sourceTree = "<group>"; };
		392047584C6CE301E287446D /* Pods-UParkingTests.debug.xcconfig */ = {isa = PBXFileReference; includeInIndex = 1; lastKnownFileType = text.xcconfig; name = "Pods-UParkingTests.debug.xcconfig"; path = "Pods/Target Support Files/Pods-UParkingTests/Pods-UParkingTests.debug.xcconfig"; sourceTree = "<group>"; };
		3A00A51A20F3E9CF00F258B9 /* UParking.app */ = {isa = PBXFileReference; explicitFileType = wrapper.application; includeInIndex = 0; path = UParking.app; sourceTree = BUILT_PRODUCTS_DIR; };
		3A00A51D20F3E9CF00F258B9 /* AppDelegate.swift */ = {isa = PBXFileReference; lastKnownFileType = sourcecode.swift; path = AppDelegate.swift; sourceTree = "<group>"; };
		3A00A51F20F3E9CF00F258B9 /* LoginController.swift */ = {isa = PBXFileReference; lastKnownFileType = sourcecode.swift; path = LoginController.swift; sourceTree = "<group>"; };
		3A00A52220F3E9CF00F258B9 /* Base */ = {isa = PBXFileReference; lastKnownFileType = file.storyboard; name = Base; path = Base.lproj/Main.storyboard; sourceTree = "<group>"; };
		3A00A52420F3E9D000F258B9 /* Assets.xcassets */ = {isa = PBXFileReference; lastKnownFileType = folder.assetcatalog; path = Assets.xcassets; sourceTree = "<group>"; };
		3A00A52720F3E9D000F258B9 /* Base */ = {isa = PBXFileReference; lastKnownFileType = file.storyboard; name = Base; path = Base.lproj/LaunchScreen.storyboard; sourceTree = "<group>"; };
		3A00A52920F3E9D000F258B9 /* Info.plist */ = {isa = PBXFileReference; lastKnownFileType = text.plist.xml; path = Info.plist; sourceTree = "<group>"; };
		3A00A52E20F3E9D000F258B9 /* UParkingTests.xctest */ = {isa = PBXFileReference; explicitFileType = wrapper.cfbundle; includeInIndex = 0; path = UParkingTests.xctest; sourceTree = BUILT_PRODUCTS_DIR; };
		3A00A53220F3E9D000F258B9 /* UParkingTests.swift */ = {isa = PBXFileReference; lastKnownFileType = sourcecode.swift; path = UParkingTests.swift; sourceTree = "<group>"; };
		3A00A53420F3E9D000F258B9 /* Info.plist */ = {isa = PBXFileReference; lastKnownFileType = text.plist.xml; path = Info.plist; sourceTree = "<group>"; };
		3A00A53920F3E9D000F258B9 /* UParkingUITests.xctest */ = {isa = PBXFileReference; explicitFileType = wrapper.cfbundle; includeInIndex = 0; path = UParkingUITests.xctest; sourceTree = BUILT_PRODUCTS_DIR; };
		3A00A53D20F3E9D000F258B9 /* UParkingUITests.swift */ = {isa = PBXFileReference; lastKnownFileType = sourcecode.swift; path = UParkingUITests.swift; sourceTree = "<group>"; };
		3A00A53F20F3E9D100F258B9 /* Info.plist */ = {isa = PBXFileReference; lastKnownFileType = text.plist.xml; path = Info.plist; sourceTree = "<group>"; };
		3A00A54D20F3F54000F258B9 /* GoogleService-Info.plist */ = {isa = PBXFileReference; fileEncoding = 4; lastKnownFileType = text.plist.xml; path = "GoogleService-Info.plist"; sourceTree = "<group>"; };
		3A77A49520F7DDB400ED924C /* User+CoreDataClass.swift */ = {isa = PBXFileReference; lastKnownFileType = sourcecode.swift; path = "User+CoreDataClass.swift"; sourceTree = "<group>"; };
		3A77A49620F7DDB400ED924C /* User+CoreDataProperties.swift */ = {isa = PBXFileReference; lastKnownFileType = sourcecode.swift; path = "User+CoreDataProperties.swift"; sourceTree = "<group>"; };
		3A77A49920F7DF2900ED924C /* DSM.swift */ = {isa = PBXFileReference; lastKnownFileType = sourcecode.swift; path = DSM.swift; sourceTree = "<group>"; };
		3A77A49B20F83AC300ED924C /* EstacionamientosTableViewCell.swift */ = {isa = PBXFileReference; lastKnownFileType = sourcecode.swift; path = EstacionamientosTableViewCell.swift; sourceTree = "<group>"; };
		3A7CC16120F9428F006B77E2 /* EstacionamientosManager.swift */ = {isa = PBXFileReference; lastKnownFileType = sourcecode.swift; path = EstacionamientosManager.swift; sourceTree = "<group>"; };
		3A7CC16420F943C9006B77E2 /* ParkingArea.swift */ = {isa = PBXFileReference; lastKnownFileType = sourcecode.swift; path = ParkingArea.swift; sourceTree = "<group>"; };
		3A7CC16620F944AE006B77E2 /* ParkingSpace.swift */ = {isa = PBXFileReference; lastKnownFileType = sourcecode.swift; path = ParkingSpace.swift; sourceTree = "<group>"; };
		3A841C0420F553AD00347599 /* AlertUtils.swift */ = {isa = PBXFileReference; lastKnownFileType = sourcecode.swift; path = AlertUtils.swift; sourceTree = "<group>"; };
		3A841C0720F5554B00347599 /* EstacionamientoViewController.swift */ = {isa = PBXFileReference; lastKnownFileType = sourcecode.swift; path = EstacionamientoViewController.swift; sourceTree = "<group>"; };
		3A841C0B20F555ED00347599 /* PerfilViewController.swift */ = {isa = PBXFileReference; lastKnownFileType = sourcecode.swift; path = PerfilViewController.swift; sourceTree = "<group>"; };
		3A841C0F20F5625700347599 /* Data.xcdatamodel */ = {isa = PBXFileReference; lastKnownFileType = wrapper.xcdatamodel; path = Data.xcdatamodel; sourceTree = "<group>"; };
		45F3A5FAA1FE49F0E60E88D7 /* Pods_UParkingUITests.framework */ = {isa = PBXFileReference; explicitFileType = wrapper.framework; includeInIndex = 0; path = Pods_UParkingUITests.framework; sourceTree = BUILT_PRODUCTS_DIR; };
		73AA543FB44A13B982B5DEB3 /* Pods-UParkingUITests.debug.xcconfig */ = {isa = PBXFileReference; includeInIndex = 1; lastKnownFileType = text.xcconfig; name = "Pods-UParkingUITests.debug.xcconfig"; path = "Pods/Target Support Files/Pods-UParkingUITests/Pods-UParkingUITests.debug.xcconfig"; sourceTree = "<group>"; };
		766EF28592B7D226A6815806 /* Pods_UParkingTests.framework */ = {isa = PBXFileReference; explicitFileType = wrapper.framework; includeInIndex = 0; path = Pods_UParkingTests.framework; sourceTree = BUILT_PRODUCTS_DIR; };
		8C83A0B9865DEB51E5770044 /* Pods-UParkingTests.release.xcconfig */ = {isa = PBXFileReference; includeInIndex = 1; lastKnownFileType = text.xcconfig; name = "Pods-UParkingTests.release.xcconfig"; path = "Pods/Target Support Files/Pods-UParkingTests/Pods-UParkingTests.release.xcconfig"; sourceTree = "<group>"; };
		C62BA4C94C3EAE8F6A22797F /* Pods_UParking.framework */ = {isa = PBXFileReference; explicitFileType = wrapper.framework; includeInIndex = 0; path = Pods_UParking.framework; sourceTree = BUILT_PRODUCTS_DIR; };
/* End PBXFileReference section */

/* Begin PBXFrameworksBuildPhase section */
		3A00A51720F3E9CF00F258B9 /* Frameworks */ = {
			isa = PBXFrameworksBuildPhase;
			buildActionMask = 2147483647;
			files = (
				C5D66FD6BDBCAA7DD1E23965 /* Pods_UParking.framework in Frameworks */,
			);
			runOnlyForDeploymentPostprocessing = 0;
		};
		3A00A52B20F3E9D000F258B9 /* Frameworks */ = {
			isa = PBXFrameworksBuildPhase;
			buildActionMask = 2147483647;
			files = (
				7A127A6628E343A5CC75287E /* Pods_UParkingTests.framework in Frameworks */,
			);
			runOnlyForDeploymentPostprocessing = 0;
		};
		3A00A53620F3E9D000F258B9 /* Frameworks */ = {
			isa = PBXFrameworksBuildPhase;
			buildActionMask = 2147483647;
			files = (
				A720811BF2B5598F079C88E2 /* Pods_UParkingUITests.framework in Frameworks */,
			);
			runOnlyForDeploymentPostprocessing = 0;
		};
/* End PBXFrameworksBuildPhase section */

/* Begin PBXGroup section */
		3A00A51120F3E9CF00F258B9 = {
			isa = PBXGroup;
			children = (
				3A00A51C20F3E9CF00F258B9 /* UParking */,
				3A00A53120F3E9D000F258B9 /* UParkingTests */,
				3A00A53C20F3E9D000F258B9 /* UParkingUITests */,
				3A00A51B20F3E9CF00F258B9 /* Products */,
				D6D5CA5EF3FA2F6AAA27D92C /* Pods */,
				EF14A810FB679DB6285DE315 /* Frameworks */,
			);
			sourceTree = "<group>";
		};
		3A00A51B20F3E9CF00F258B9 /* Products */ = {
			isa = PBXGroup;
			children = (
				3A00A51A20F3E9CF00F258B9 /* UParking.app */,
				3A00A52E20F3E9D000F258B9 /* UParkingTests.xctest */,
				3A00A53920F3E9D000F258B9 /* UParkingUITests.xctest */,
			);
			name = Products;
			sourceTree = "<group>";
		};
		3A00A51C20F3E9CF00F258B9 /* UParking */ = {
			isa = PBXGroup;
			children = (
				3A7CC16320F943BA006B77E2 /* Models */,
				3A841C0D20F5623500347599 /* CoreData */,
				3A841C0920F555C400347599 /* Perfil */,
				3A841C0620F5553100347599 /* Estacionamientos */,
				3A841C0320F5539A00347599 /* Utils */,
				3A00A54C20F3E9F800F258B9 /* Login */,
				3A00A54B20F3E9F200F258B9 /* Other */,
				3A00A52120F3E9CF00F258B9 /* Main.storyboard */,
				3A00A52420F3E9D000F258B9 /* Assets.xcassets */,
				3A00A54D20F3F54000F258B9 /* GoogleService-Info.plist */,
				3A00A52920F3E9D000F258B9 /* Info.plist */,
			);
			path = UParking;
			sourceTree = "<group>";
		};
		3A00A53120F3E9D000F258B9 /* UParkingTests */ = {
			isa = PBXGroup;
			children = (
				3A00A53220F3E9D000F258B9 /* UParkingTests.swift */,
				3A00A53420F3E9D000F258B9 /* Info.plist */,
			);
			path = UParkingTests;
			sourceTree = "<group>";
		};
		3A00A53C20F3E9D000F258B9 /* UParkingUITests */ = {
			isa = PBXGroup;
			children = (
				3A00A53D20F3E9D000F258B9 /* UParkingUITests.swift */,
				3A00A53F20F3E9D100F258B9 /* Info.plist */,
			);
			path = UParkingUITests;
			sourceTree = "<group>";
		};
		3A00A54B20F3E9F200F258B9 /* Other */ = {
			isa = PBXGroup;
			children = (
				3A00A51D20F3E9CF00F258B9 /* AppDelegate.swift */,
				3A00A52620F3E9D000F258B9 /* LaunchScreen.storyboard */,
			);
			path = Other;
			sourceTree = "<group>";
		};
		3A00A54C20F3E9F800F258B9 /* Login */ = {
			isa = PBXGroup;
			children = (
				3A00A51F20F3E9CF00F258B9 /* LoginController.swift */,
			);
			path = Login;
			sourceTree = "<group>";
		};
		3A7CC16320F943BA006B77E2 /* Models */ = {
			isa = PBXGroup;
			children = (
				3A7CC16420F943C9006B77E2 /* ParkingArea.swift */,
				3A7CC16620F944AE006B77E2 /* ParkingSpace.swift */,
			);
			path = Models;
			sourceTree = "<group>";
		};
		3A841C0320F5539A00347599 /* Utils */ = {
			isa = PBXGroup;
			children = (
				3A841C0420F553AD00347599 /* AlertUtils.swift */,
			);
			path = Utils;
			sourceTree = "<group>";
		};
		3A841C0620F5553100347599 /* Estacionamientos */ = {
			isa = PBXGroup;
			children = (
				3A841C0720F5554B00347599 /* EstacionamientoViewController.swift */,
				3A77A49B20F83AC300ED924C /* EstacionamientosTableViewCell.swift */,
				3A7CC16120F9428F006B77E2 /* EstacionamientosManager.swift */,
			);
			path = Estacionamientos;
			sourceTree = "<group>";
		};
		3A841C0920F555C400347599 /* Perfil */ = {
			isa = PBXGroup;
			children = (
				3A841C0B20F555ED00347599 /* PerfilViewController.swift */,
			);
			path = Perfil;
			sourceTree = "<group>";
		};
		3A841C0D20F5623500347599 /* CoreData */ = {
			isa = PBXGroup;
			children = (
				3A77A49520F7DDB400ED924C /* User+CoreDataClass.swift */,
				3A77A49620F7DDB400ED924C /* User+CoreDataProperties.swift */,
				3A841C0E20F5625700347599 /* Data.xcdatamodeld */,
				3A77A49920F7DF2900ED924C /* DSM.swift */,
			);
			path = CoreData;
			sourceTree = "<group>";
		};
		D6D5CA5EF3FA2F6AAA27D92C /* Pods */ = {
			isa = PBXGroup;
			children = (
				2AF932FCAC825AE1B0385765 /* Pods-UParking.debug.xcconfig */,
				0F5737584539453EB35885B9 /* Pods-UParking.release.xcconfig */,
				392047584C6CE301E287446D /* Pods-UParkingTests.debug.xcconfig */,
				8C83A0B9865DEB51E5770044 /* Pods-UParkingTests.release.xcconfig */,
				73AA543FB44A13B982B5DEB3 /* Pods-UParkingUITests.debug.xcconfig */,
				03C076D96B37896324CD7404 /* Pods-UParkingUITests.release.xcconfig */,
			);
			name = Pods;
			sourceTree = "<group>";
		};
		EF14A810FB679DB6285DE315 /* Frameworks */ = {
			isa = PBXGroup;
			children = (
				C62BA4C94C3EAE8F6A22797F /* Pods_UParking.framework */,
				766EF28592B7D226A6815806 /* Pods_UParkingTests.framework */,
				45F3A5FAA1FE49F0E60E88D7 /* Pods_UParkingUITests.framework */,
			);
			name = Frameworks;
			sourceTree = "<group>";
		};
/* End PBXGroup section */

/* Begin PBXNativeTarget section */
		3A00A51920F3E9CF00F258B9 /* UParking */ = {
			isa = PBXNativeTarget;
			buildConfigurationList = 3A00A54220F3E9D100F258B9 /* Build configuration list for PBXNativeTarget "UParking" */;
			buildPhases = (
				58F915B3F003608488DF7D67 /* [CP] Check Pods Manifest.lock */,
				3A00A51620F3E9CF00F258B9 /* Sources */,
				3A00A51720F3E9CF00F258B9 /* Frameworks */,
				3A00A51820F3E9CF00F258B9 /* Resources */,
				D1DB95028EB4900CEE03F084 /* [CP] Embed Pods Frameworks */,
			);
			buildRules = (
			);
			dependencies = (
			);
			name = UParking;
			productName = UParking;
			productReference = 3A00A51A20F3E9CF00F258B9 /* UParking.app */;
			productType = "com.apple.product-type.application";
		};
		3A00A52D20F3E9D000F258B9 /* UParkingTests */ = {
			isa = PBXNativeTarget;
			buildConfigurationList = 3A00A54520F3E9D100F258B9 /* Build configuration list for PBXNativeTarget "UParkingTests" */;
			buildPhases = (
				E8580285D900EE88DE981C0F /* [CP] Check Pods Manifest.lock */,
				3A00A52A20F3E9D000F258B9 /* Sources */,
				3A00A52B20F3E9D000F258B9 /* Frameworks */,
				3A00A52C20F3E9D000F258B9 /* Resources */,
			);
			buildRules = (
			);
			dependencies = (
				3A00A53020F3E9D000F258B9 /* PBXTargetDependency */,
			);
			name = UParkingTests;
			productName = UParkingTests;
			productReference = 3A00A52E20F3E9D000F258B9 /* UParkingTests.xctest */;
			productType = "com.apple.product-type.bundle.unit-test";
		};
		3A00A53820F3E9D000F258B9 /* UParkingUITests */ = {
			isa = PBXNativeTarget;
			buildConfigurationList = 3A00A54820F3E9D100F258B9 /* Build configuration list for PBXNativeTarget "UParkingUITests" */;
			buildPhases = (
				FEE8FBEC16D9893327E2CB6E /* [CP] Check Pods Manifest.lock */,
				3A00A53520F3E9D000F258B9 /* Sources */,
				3A00A53620F3E9D000F258B9 /* Frameworks */,
				3A00A53720F3E9D000F258B9 /* Resources */,
			);
			buildRules = (
			);
			dependencies = (
				3A00A53B20F3E9D000F258B9 /* PBXTargetDependency */,
			);
			name = UParkingUITests;
			productName = UParkingUITests;
			productReference = 3A00A53920F3E9D000F258B9 /* UParkingUITests.xctest */;
			productType = "com.apple.product-type.bundle.ui-testing";
		};
/* End PBXNativeTarget section */

/* Begin PBXProject section */
		3A00A51220F3E9CF00F258B9 /* Project object */ = {
			isa = PBXProject;
			attributes = {
				LastSwiftUpdateCheck = 0940;
				LastUpgradeCheck = 0940;
				ORGANIZATIONNAME = "Anton Tchistiakov";
				TargetAttributes = {
					3A00A51920F3E9CF00F258B9 = {
						CreatedOnToolsVersion = 9.4.1;
					};
					3A00A52D20F3E9D000F258B9 = {
						CreatedOnToolsVersion = 9.4.1;
						TestTargetID = 3A00A51920F3E9CF00F258B9;
					};
					3A00A53820F3E9D000F258B9 = {
						CreatedOnToolsVersion = 9.4.1;
						TestTargetID = 3A00A51920F3E9CF00F258B9;
					};
				};
			};
			buildConfigurationList = 3A00A51520F3E9CF00F258B9 /* Build configuration list for PBXProject "UParking" */;
			compatibilityVersion = "Xcode 9.3";
			developmentRegion = en;
			hasScannedForEncodings = 0;
			knownRegions = (
				en,
				Base,
			);
			mainGroup = 3A00A51120F3E9CF00F258B9;
			productRefGroup = 3A00A51B20F3E9CF00F258B9 /* Products */;
			projectDirPath = "";
			projectRoot = "";
			targets = (
				3A00A51920F3E9CF00F258B9 /* UParking */,
				3A00A52D20F3E9D000F258B9 /* UParkingTests */,
				3A00A53820F3E9D000F258B9 /* UParkingUITests */,
			);
		};
/* End PBXProject section */

/* Begin PBXResourcesBuildPhase section */
		3A00A51820F3E9CF00F258B9 /* Resources */ = {
			isa = PBXResourcesBuildPhase;
			buildActionMask = 2147483647;
			files = (
				3A00A52820F3E9D000F258B9 /* LaunchScreen.storyboard in Resources */,
				3A00A54E20F3F54000F258B9 /* GoogleService-Info.plist in Resources */,
				3A00A52520F3E9D000F258B9 /* Assets.xcassets in Resources */,
				3A00A52320F3E9CF00F258B9 /* Main.storyboard in Resources */,
			);
			runOnlyForDeploymentPostprocessing = 0;
		};
		3A00A52C20F3E9D000F258B9 /* Resources */ = {
			isa = PBXResourcesBuildPhase;
			buildActionMask = 2147483647;
			files = (
			);
			runOnlyForDeploymentPostprocessing = 0;
		};
		3A00A53720F3E9D000F258B9 /* Resources */ = {
			isa = PBXResourcesBuildPhase;
			buildActionMask = 2147483647;
			files = (
			);
			runOnlyForDeploymentPostprocessing = 0;
		};
/* End PBXResourcesBuildPhase section */

/* Begin PBXShellScriptBuildPhase section */
		58F915B3F003608488DF7D67 /* [CP] Check Pods Manifest.lock */ = {
			isa = PBXShellScriptBuildPhase;
			buildActionMask = 2147483647;
			files = (
			);
			inputPaths = (
				"${PODS_PODFILE_DIR_PATH}/Podfile.lock",
				"${PODS_ROOT}/Manifest.lock",
			);
			name = "[CP] Check Pods Manifest.lock";
			outputPaths = (
				"$(DERIVED_FILE_DIR)/Pods-UParking-checkManifestLockResult.txt",
			);
			runOnlyForDeploymentPostprocessing = 0;
			shellPath = /bin/sh;
			shellScript = "diff \"${PODS_PODFILE_DIR_PATH}/Podfile.lock\" \"${PODS_ROOT}/Manifest.lock\" > /dev/null\nif [ $? != 0 ] ; then\n    # print error to STDERR\n    echo \"error: The sandbox is not in sync with the Podfile.lock. Run 'pod install' or update your CocoaPods installation.\" >&2\n    exit 1\nfi\n# This output is used by Xcode 'outputs' to avoid re-running this script phase.\necho \"SUCCESS\" > \"${SCRIPT_OUTPUT_FILE_0}\"\n";
			showEnvVarsInLog = 0;
		};
		D1DB95028EB4900CEE03F084 /* [CP] Embed Pods Frameworks */ = {
			isa = PBXShellScriptBuildPhase;
			buildActionMask = 2147483647;
			files = (
			);
			inputPaths = (
				"${SRCROOT}/Pods/Target Support Files/Pods-UParking/Pods-UParking-frameworks.sh",
				"${BUILT_PRODUCTS_DIR}/GoogleToolboxForMac/GoogleToolboxForMac.framework",
				"${BUILT_PRODUCTS_DIR}/leveldb-library/leveldb.framework",
				"${BUILT_PRODUCTS_DIR}/nanopb/nanopb.framework",
			);
			name = "[CP] Embed Pods Frameworks";
			outputPaths = (
				"${TARGET_BUILD_DIR}/${FRAMEWORKS_FOLDER_PATH}/GoogleToolboxForMac.framework",
				"${TARGET_BUILD_DIR}/${FRAMEWORKS_FOLDER_PATH}/leveldb.framework",
				"${TARGET_BUILD_DIR}/${FRAMEWORKS_FOLDER_PATH}/nanopb.framework",
			);
			runOnlyForDeploymentPostprocessing = 0;
			shellPath = /bin/sh;
			shellScript = "\"${SRCROOT}/Pods/Target Support Files/Pods-UParking/Pods-UParking-frameworks.sh\"\n";
			showEnvVarsInLog = 0;
		};
		E8580285D900EE88DE981C0F /* [CP] Check Pods Manifest.lock */ = {
			isa = PBXShellScriptBuildPhase;
			buildActionMask = 2147483647;
			files = (
			);
			inputPaths = (
				"${PODS_PODFILE_DIR_PATH}/Podfile.lock",
				"${PODS_ROOT}/Manifest.lock",
			);
			name = "[CP] Check Pods Manifest.lock";
			outputPaths = (
				"$(DERIVED_FILE_DIR)/Pods-UParkingTests-checkManifestLockResult.txt",
			);
			runOnlyForDeploymentPostprocessing = 0;
			shellPath = /bin/sh;
			shellScript = "diff \"${PODS_PODFILE_DIR_PATH}/Podfile.lock\" \"${PODS_ROOT}/Manifest.lock\" > /dev/null\nif [ $? != 0 ] ; then\n    # print error to STDERR\n    echo \"error: The sandbox is not in sync with the Podfile.lock. Run 'pod install' or update your CocoaPods installation.\" >&2\n    exit 1\nfi\n# This output is used by Xcode 'outputs' to avoid re-running this script phase.\necho \"SUCCESS\" > \"${SCRIPT_OUTPUT_FILE_0}\"\n";
			showEnvVarsInLog = 0;
		};
		FEE8FBEC16D9893327E2CB6E /* [CP] Check Pods Manifest.lock */ = {
			isa = PBXShellScriptBuildPhase;
			buildActionMask = 2147483647;
			files = (
			);
			inputPaths = (
				"${PODS_PODFILE_DIR_PATH}/Podfile.lock",
				"${PODS_ROOT}/Manifest.lock",
			);
			name = "[CP] Check Pods Manifest.lock";
			outputPaths = (
				"$(DERIVED_FILE_DIR)/Pods-UParkingUITests-checkManifestLockResult.txt",
			);
			runOnlyForDeploymentPostprocessing = 0;
			shellPath = /bin/sh;
			shellScript = "diff \"${PODS_PODFILE_DIR_PATH}/Podfile.lock\" \"${PODS_ROOT}/Manifest.lock\" > /dev/null\nif [ $? != 0 ] ; then\n    # print error to STDERR\n    echo \"error: The sandbox is not in sync with the Podfile.lock. Run 'pod install' or update your CocoaPods installation.\" >&2\n    exit 1\nfi\n# This output is used by Xcode 'outputs' to avoid re-running this script phase.\necho \"SUCCESS\" > \"${SCRIPT_OUTPUT_FILE_0}\"\n";
			showEnvVarsInLog = 0;
		};
/* End PBXShellScriptBuildPhase section */

/* Begin PBXSourcesBuildPhase section */
		3A00A51620F3E9CF00F258B9 /* Sources */ = {
			isa = PBXSourcesBuildPhase;
			buildActionMask = 2147483647;
			files = (
				3A841C0820F5554B00347599 /* EstacionamientoViewController.swift in Sources */,
				3A841C1020F5625700347599 /* Data.xcdatamodeld in Sources */,
				3A7CC16720F944AE006B77E2 /* ParkingSpace.swift in Sources */,
				3A00A52020F3E9CF00F258B9 /* LoginController.swift in Sources */,
				3A7CC16220F9428F006B77E2 /* EstacionamientosManager.swift in Sources */,
				3A77A49C20F83AC300ED924C /* EstacionamientosTableViewCell.swift in Sources */,
				3A77A49A20F7DF2900ED924C /* DSM.swift in Sources */,
				3A00A51E20F3E9CF00F258B9 /* AppDelegate.swift in Sources */,
				3A841C0520F553AD00347599 /* AlertUtils.swift in Sources */,
				3A77A49720F7DDB400ED924C /* User+CoreDataClass.swift in Sources */,
				3A7CC16520F943C9006B77E2 /* ParkingArea.swift in Sources */,
				3A841C0C20F555ED00347599 /* PerfilViewController.swift in Sources */,
				3A77A49820F7DDB400ED924C /* User+CoreDataProperties.swift in Sources */,
			);
			runOnlyForDeploymentPostprocessing = 0;
		};
		3A00A52A20F3E9D000F258B9 /* Sources */ = {
			isa = PBXSourcesBuildPhase;
			buildActionMask = 2147483647;
			files = (
				3A00A53320F3E9D000F258B9 /* UParkingTests.swift in Sources */,
			);
			runOnlyForDeploymentPostprocessing = 0;
		};
		3A00A53520F3E9D000F258B9 /* Sources */ = {
			isa = PBXSourcesBuildPhase;
			buildActionMask = 2147483647;
			files = (
				3A00A53E20F3E9D000F258B9 /* UParkingUITests.swift in Sources */,
			);
			runOnlyForDeploymentPostprocessing = 0;
		};
/* End PBXSourcesBuildPhase section */

/* Begin PBXTargetDependency section */
		3A00A53020F3E9D000F258B9 /* PBXTargetDependency */ = {
			isa = PBXTargetDependency;
			target = 3A00A51920F3E9CF00F258B9 /* UParking */;
			targetProxy = 3A00A52F20F3E9D000F258B9 /* PBXContainerItemProxy */;
		};
		3A00A53B20F3E9D000F258B9 /* PBXTargetDependency */ = {
			isa = PBXTargetDependency;
			target = 3A00A51920F3E9CF00F258B9 /* UParking */;
			targetProxy = 3A00A53A20F3E9D000F258B9 /* PBXContainerItemProxy */;
		};
/* End PBXTargetDependency section */

/* Begin PBXVariantGroup section */
		3A00A52120F3E9CF00F258B9 /* Main.storyboard */ = {
			isa = PBXVariantGroup;
			children = (
				3A00A52220F3E9CF00F258B9 /* Base */,
			);
			name = Main.storyboard;
			sourceTree = "<group>";
		};
		3A00A52620F3E9D000F258B9 /* LaunchScreen.storyboard */ = {
			isa = PBXVariantGroup;
			children = (
				3A00A52720F3E9D000F258B9 /* Base */,
			);
			name = LaunchScreen.storyboard;
			sourceTree = "<group>";
		};
/* End PBXVariantGroup section */

/* Begin XCBuildConfiguration section */
		3A00A54020F3E9D100F258B9 /* Debug */ = {
			isa = XCBuildConfiguration;
			buildSettings = {
				ALWAYS_SEARCH_USER_PATHS = NO;
				CLANG_ANALYZER_NONNULL = YES;
				CLANG_ANALYZER_NUMBER_OBJECT_CONVERSION = YES_AGGRESSIVE;
				CLANG_CXX_LANGUAGE_STANDARD = "gnu++14";
				CLANG_CXX_LIBRARY = "libc++";
				CLANG_ENABLE_MODULES = YES;
				CLANG_ENABLE_OBJC_ARC = YES;
				CLANG_ENABLE_OBJC_WEAK = YES;
				CLANG_WARN_BLOCK_CAPTURE_AUTORELEASING = YES;
				CLANG_WARN_BOOL_CONVERSION = YES;
				CLANG_WARN_COMMA = YES;
				CLANG_WARN_CONSTANT_CONVERSION = YES;
				CLANG_WARN_DEPRECATED_OBJC_IMPLEMENTATIONS = YES;
				CLANG_WARN_DIRECT_OBJC_ISA_USAGE = YES_ERROR;
				CLANG_WARN_DOCUMENTATION_COMMENTS = YES;
				CLANG_WARN_EMPTY_BODY = YES;
				CLANG_WARN_ENUM_CONVERSION = YES;
				CLANG_WARN_INFINITE_RECURSION = YES;
				CLANG_WARN_INT_CONVERSION = YES;
				CLANG_WARN_NON_LITERAL_NULL_CONVERSION = YES;
				CLANG_WARN_OBJC_IMPLICIT_RETAIN_SELF = YES;
				CLANG_WARN_OBJC_LITERAL_CONVERSION = YES;
				CLANG_WARN_OBJC_ROOT_CLASS = YES_ERROR;
				CLANG_WARN_RANGE_LOOP_ANALYSIS = YES;
				CLANG_WARN_STRICT_PROTOTYPES = YES;
				CLANG_WARN_SUSPICIOUS_MOVE = YES;
				CLANG_WARN_UNGUARDED_AVAILABILITY = YES_AGGRESSIVE;
				CLANG_WARN_UNREACHABLE_CODE = YES;
				CLANG_WARN__DUPLICATE_METHOD_MATCH = YES;
				CODE_SIGN_IDENTITY = "iPhone Developer";
				COPY_PHASE_STRIP = NO;
				DEBUG_INFORMATION_FORMAT = dwarf;
				ENABLE_STRICT_OBJC_MSGSEND = YES;
				ENABLE_TESTABILITY = YES;
				GCC_C_LANGUAGE_STANDARD = gnu11;
				GCC_DYNAMIC_NO_PIC = NO;
				GCC_NO_COMMON_BLOCKS = YES;
				GCC_OPTIMIZATION_LEVEL = 0;
				GCC_PREPROCESSOR_DEFINITIONS = (
					"DEBUG=1",
					"$(inherited)",
				);
				GCC_WARN_64_TO_32_BIT_CONVERSION = YES;
				GCC_WARN_ABOUT_RETURN_TYPE = YES_ERROR;
				GCC_WARN_UNDECLARED_SELECTOR = YES;
				GCC_WARN_UNINITIALIZED_AUTOS = YES_AGGRESSIVE;
				GCC_WARN_UNUSED_FUNCTION = YES;
				GCC_WARN_UNUSED_VARIABLE = YES;
				IPHONEOS_DEPLOYMENT_TARGET = 11.4;
				MTL_ENABLE_DEBUG_INFO = YES;
				ONLY_ACTIVE_ARCH = YES;
				SDKROOT = iphoneos;
				SWIFT_ACTIVE_COMPILATION_CONDITIONS = DEBUG;
				SWIFT_OPTIMIZATION_LEVEL = "-Onone";
			};
			name = Debug;
		};
		3A00A54120F3E9D100F258B9 /* Release */ = {
			isa = XCBuildConfiguration;
			buildSettings = {
				ALWAYS_SEARCH_USER_PATHS = NO;
				CLANG_ANALYZER_NONNULL = YES;
				CLANG_ANALYZER_NUMBER_OBJECT_CONVERSION = YES_AGGRESSIVE;
				CLANG_CXX_LANGUAGE_STANDARD = "gnu++14";
				CLANG_CXX_LIBRARY = "libc++";
				CLANG_ENABLE_MODULES = YES;
				CLANG_ENABLE_OBJC_ARC = YES;
				CLANG_ENABLE_OBJC_WEAK = YES;
				CLANG_WARN_BLOCK_CAPTURE_AUTORELEASING = YES;
				CLANG_WARN_BOOL_CONVERSION = YES;
				CLANG_WARN_COMMA = YES;
				CLANG_WARN_CONSTANT_CONVERSION = YES;
				CLANG_WARN_DEPRECATED_OBJC_IMPLEMENTATIONS = YES;
				CLANG_WARN_DIRECT_OBJC_ISA_USAGE = YES_ERROR;
				CLANG_WARN_DOCUMENTATION_COMMENTS = YES;
				CLANG_WARN_EMPTY_BODY = YES;
				CLANG_WARN_ENUM_CONVERSION = YES;
				CLANG_WARN_INFINITE_RECURSION = YES;
				CLANG_WARN_INT_CONVERSION = YES;
				CLANG_WARN_NON_LITERAL_NULL_CONVERSION = YES;
				CLANG_WARN_OBJC_IMPLICIT_RETAIN_SELF = YES;
				CLANG_WARN_OBJC_LITERAL_CONVERSION = YES;
				CLANG_WARN_OBJC_ROOT_CLASS = YES_ERROR;
				CLANG_WARN_RANGE_LOOP_ANALYSIS = YES;
				CLANG_WARN_STRICT_PROTOTYPES = YES;
				CLANG_WARN_SUSPICIOUS_MOVE = YES;
				CLANG_WARN_UNGUARDED_AVAILABILITY = YES_AGGRESSIVE;
				CLANG_WARN_UNREACHABLE_CODE = YES;
				CLANG_WARN__DUPLICATE_METHOD_MATCH = YES;
				CODE_SIGN_IDENTITY = "iPhone Developer";
				COPY_PHASE_STRIP = NO;
				DEBUG_INFORMATION_FORMAT = "dwarf-with-dsym";
				ENABLE_NS_ASSERTIONS = NO;
				ENABLE_STRICT_OBJC_MSGSEND = YES;
				GCC_C_LANGUAGE_STANDARD = gnu11;
				GCC_NO_COMMON_BLOCKS = YES;
				GCC_WARN_64_TO_32_BIT_CONVERSION = YES;
				GCC_WARN_ABOUT_RETURN_TYPE = YES_ERROR;
				GCC_WARN_UNDECLARED_SELECTOR = YES;
				GCC_WARN_UNINITIALIZED_AUTOS = YES_AGGRESSIVE;
				GCC_WARN_UNUSED_FUNCTION = YES;
				GCC_WARN_UNUSED_VARIABLE = YES;
				IPHONEOS_DEPLOYMENT_TARGET = 11.4;
				MTL_ENABLE_DEBUG_INFO = NO;
				SDKROOT = iphoneos;
				SWIFT_COMPILATION_MODE = wholemodule;
				SWIFT_OPTIMIZATION_LEVEL = "-O";
				VALIDATE_PRODUCT = YES;
			};
			name = Release;
		};
		3A00A54320F3E9D100F258B9 /* Debug */ = {
			isa = XCBuildConfiguration;
			baseConfigurationReference = 2AF932FCAC825AE1B0385765 /* Pods-UParking.debug.xcconfig */;
			buildSettings = {
				ASSETCATALOG_COMPILER_APPICON_NAME = AppIcon;
				CODE_SIGN_STYLE = Automatic;
				DEVELOPMENT_TEAM = 3P69AYH647;
				INFOPLIST_FILE = UParking/Info.plist;
				LD_RUNPATH_SEARCH_PATHS = (
					"$(inherited)",
					"@executable_path/Frameworks",
				);
				PRODUCT_BUNDLE_IDENTIFIER = anwera97.UParking;
				PRODUCT_NAME = "$(TARGET_NAME)";
				SWIFT_VERSION = 4.0;
				TARGETED_DEVICE_FAMILY = "1,2";
			};
			name = Debug;
		};
		3A00A54420F3E9D100F258B9 /* Release */ = {
			isa = XCBuildConfiguration;
			baseConfigurationReference = 0F5737584539453EB35885B9 /* Pods-UParking.release.xcconfig */;
			buildSettings = {
				ASSETCATALOG_COMPILER_APPICON_NAME = AppIcon;
				CODE_SIGN_STYLE = Automatic;
				DEVELOPMENT_TEAM = 3P69AYH647;
				INFOPLIST_FILE = UParking/Info.plist;
				LD_RUNPATH_SEARCH_PATHS = (
					"$(inherited)",
					"@executable_path/Frameworks",
				);
				PRODUCT_BUNDLE_IDENTIFIER = anwera97.UParking;
				PRODUCT_NAME = "$(TARGET_NAME)";
				SWIFT_VERSION = 4.0;
				TARGETED_DEVICE_FAMILY = "1,2";
			};
			name = Release;
		};
		3A00A54620F3E9D100F258B9 /* Debug */ = {
			isa = XCBuildConfiguration;
			baseConfigurationReference = 392047584C6CE301E287446D /* Pods-UParkingTests.debug.xcconfig */;
			buildSettings = {
				ALWAYS_EMBED_SWIFT_STANDARD_LIBRARIES = YES;
				BUNDLE_LOADER = "$(TEST_HOST)";
				CODE_SIGN_STYLE = Automatic;
				DEVELOPMENT_TEAM = 3P69AYH647;
				INFOPLIST_FILE = UParkingTests/Info.plist;
				LD_RUNPATH_SEARCH_PATHS = (
					"$(inherited)",
					"@executable_path/Frameworks",
					"@loader_path/Frameworks",
				);
				PRODUCT_BUNDLE_IDENTIFIER = anwera97.UParkingTests;
				PRODUCT_NAME = "$(TARGET_NAME)";
				SWIFT_VERSION = 4.0;
				TARGETED_DEVICE_FAMILY = "1,2";
				TEST_HOST = "$(BUILT_PRODUCTS_DIR)/UParking.app/UParking";
			};
			name = Debug;
		};
		3A00A54720F3E9D100F258B9 /* Release */ = {
			isa = XCBuildConfiguration;
			baseConfigurationReference = 8C83A0B9865DEB51E5770044 /* Pods-UParkingTests.release.xcconfig */;
			buildSettings = {
				ALWAYS_EMBED_SWIFT_STANDARD_LIBRARIES = YES;
				BUNDLE_LOADER = "$(TEST_HOST)";
				CODE_SIGN_STYLE = Automatic;
				DEVELOPMENT_TEAM = 3P69AYH647;
				INFOPLIST_FILE = UParkingTests/Info.plist;
				LD_RUNPATH_SEARCH_PATHS = (
					"$(inherited)",
					"@executable_path/Frameworks",
					"@loader_path/Frameworks",
				);
				PRODUCT_BUNDLE_IDENTIFIER = anwera97.UParkingTests;
				PRODUCT_NAME = "$(TARGET_NAME)";
				SWIFT_VERSION = 4.0;
				TARGETED_DEVICE_FAMILY = "1,2";
				TEST_HOST = "$(BUILT_PRODUCTS_DIR)/UParking.app/UParking";
			};
			name = Release;
		};
		3A00A54920F3E9D100F258B9 /* Debug */ = {
			isa = XCBuildConfiguration;
			baseConfigurationReference = 73AA543FB44A13B982B5DEB3 /* Pods-UParkingUITests.debug.xcconfig */;
			buildSettings = {
				ALWAYS_EMBED_SWIFT_STANDARD_LIBRARIES = YES;
				CODE_SIGN_STYLE = Automatic;
				DEVELOPMENT_TEAM = 3P69AYH647;
				INFOPLIST_FILE = UParkingUITests/Info.plist;
				LD_RUNPATH_SEARCH_PATHS = (
					"$(inherited)",
					"@executable_path/Frameworks",
					"@loader_path/Frameworks",
				);
				PRODUCT_BUNDLE_IDENTIFIER = anwera97.UParkingUITests;
				PRODUCT_NAME = "$(TARGET_NAME)";
				SWIFT_VERSION = 4.0;
				TARGETED_DEVICE_FAMILY = "1,2";
				TEST_TARGET_NAME = UParking;
			};
			name = Debug;
		};
		3A00A54A20F3E9D100F258B9 /* Release */ = {
			isa = XCBuildConfiguration;
			baseConfigurationReference = 03C076D96B37896324CD7404 /* Pods-UParkingUITests.release.xcconfig */;
			buildSettings = {
				ALWAYS_EMBED_SWIFT_STANDARD_LIBRARIES = YES;
				CODE_SIGN_STYLE = Automatic;
				DEVELOPMENT_TEAM = 3P69AYH647;
				INFOPLIST_FILE = UParkingUITests/Info.plist;
				LD_RUNPATH_SEARCH_PATHS = (
					"$(inherited)",
					"@executable_path/Frameworks",
					"@loader_path/Frameworks",
				);
				PRODUCT_BUNDLE_IDENTIFIER = anwera97.UParkingUITests;
				PRODUCT_NAME = "$(TARGET_NAME)";
				SWIFT_VERSION = 4.0;
				TARGETED_DEVICE_FAMILY = "1,2";
				TEST_TARGET_NAME = UParking;
			};
			name = Release;
		};
/* End XCBuildConfiguration section */

/* Begin XCConfigurationList section */
		3A00A51520F3E9CF00F258B9 /* Build configuration list for PBXProject "UParking" */ = {
			isa = XCConfigurationList;
			buildConfigurations = (
				3A00A54020F3E9D100F258B9 /* Debug */,
				3A00A54120F3E9D100F258B9 /* Release */,
			);
			defaultConfigurationIsVisible = 0;
			defaultConfigurationName = Release;
		};
		3A00A54220F3E9D100F258B9 /* Build configuration list for PBXNativeTarget "UParking" */ = {
			isa = XCConfigurationList;
			buildConfigurations = (
				3A00A54320F3E9D100F258B9 /* Debug */,
				3A00A54420F3E9D100F258B9 /* Release */,
			);
			defaultConfigurationIsVisible = 0;
			defaultConfigurationName = Release;
		};
		3A00A54520F3E9D100F258B9 /* Build configuration list for PBXNativeTarget "UParkingTests" */ = {
			isa = XCConfigurationList;
			buildConfigurations = (
				3A00A54620F3E9D100F258B9 /* Debug */,
				3A00A54720F3E9D100F258B9 /* Release */,
			);
			defaultConfigurationIsVisible = 0;
			defaultConfigurationName = Release;
		};
		3A00A54820F3E9D100F258B9 /* Build configuration list for PBXNativeTarget "UParkingUITests" */ = {
			isa = XCConfigurationList;
			buildConfigurations = (
				3A00A54920F3E9D100F258B9 /* Debug */,
				3A00A54A20F3E9D100F258B9 /* Release */,
			);
			defaultConfigurationIsVisible = 0;
			defaultConfigurationName = Release;
		};
/* End XCConfigurationList section */

/* Begin XCVersionGroup section */
		3A841C0E20F5625700347599 /* Data.xcdatamodeld */ = {
			isa = XCVersionGroup;
			children = (
				3A841C0F20F5625700347599 /* Data.xcdatamodel */,
			);
			currentVersion = 3A841C0F20F5625700347599 /* Data.xcdatamodel */;
			path = Data.xcdatamodeld;
			sourceTree = "<group>";
			versionGroupType = wrapper.xcdatamodel;
		};
/* End XCVersionGroup section */
	};
	rootObject = 3A00A51220F3E9CF00F258B9 /* Project object */;
}
